
Microsoft Visual Studio Solution File, Format Version 12.00
# Visual Studio Version 17
VisualStudioVersion = 17.12.35707.178
MinimumVisualStudioVersion = 10.0.40219.1
Project("{FAE04EC0-301F-11D3-BF4B-00C04F79EFBC}") = "UserService", "UserService\UserService.csproj", "{DF53D68E-A5E9-415E-9D7B-73EB0C713C45}"
EndProject
Project("{FAE04EC0-301F-11D3-BF4B-00C04F79EFBC}") = "AuthTokenService", "AuthTokenService\AuthTokenService.csproj", "{1E24D778-1B25-4C6E-9DEE-36882021A3DB}"
EndProject
Global
	GlobalSection(SolutionConfigurationPlatforms) = preSolution
		Debug|Any CPU = Debug|Any CPU
		Release|Any CPU = Release|Any CPU
	EndGlobalSection
	GlobalSection(ProjectConfigurationPlatforms) = postSolution
		{DF53D68E-A5E9-415E-9D7B-73EB0C713C45}.Debug|Any CPU.ActiveCfg = Debug|Any CPU
		{DF53D68E-A5E9-415E-9D7B-73EB0C713C45}.Debug|Any CPU.Build.0 = Debug|Any CPU
		{DF53D68E-A5E9-415E-9D7B-73EB0C713C45}.Release|Any CPU.ActiveCfg = Release|Any CPU
		{DF53D68E-A5E9-415E-9D7B-73EB0C713C45}.Release|Any CPU.Build.0 = Release|Any CPU
		{1E24D778-1B25-4C6E-9DEE-36882021A3DB}.Debug|Any CPU.ActiveCfg = Debug|Any CPU
		{1E24D778-1B25-4C6E-9DEE-36882021A3DB}.Debug|Any CPU.Build.0 = Debug|Any CPU
		{1E24D778-1B25-4C6E-9DEE-36882021A3DB}.Release|Any CPU.ActiveCfg = Release|Any CPU
		{1E24D778-1B25-4C6E-9DEE-36882021A3DB}.Release|Any CPU.Build.0 = Release|Any CPU
	EndGlobalSection
	GlobalSection(SolutionProperties) = preSolution
		HideSolutionNode = FALSE
	EndGlobalSection
EndGlobal
